
Microsoft Visual Studio Solution File, Format Version 12.00
# Visual Studio 2012
Project("{FAE04EC0-301F-11D3-BF4B-00C04F79EFBC}") = "ConsoleApplication2", "ConsoleApplication2.csproj", "{AEDCB848-0047-42E6-B909-FEEB7A6D753E}"
EndProject
Global
	GlobalSection(SolutionConfigurationPlatforms) = preSolution
		Debug|Any CPU = Debug|Any CPU
		Release|Any CPU = Release|Any CPU
	EndGlobalSection
	GlobalSection(ProjectConfigurationPlatforms) = postSolution
		{AEDCB848-0047-42E6-B909-FEEB7A6D753E}.Debug|Any CPU.ActiveCfg = Debug|Any CPU
		{AEDCB848-0047-42E6-B909-FEEB7A6D753E}.Debug|Any CPU.Build.0 = Debug|Any CPU
		{AEDCB848-0047-42E6-B909-FEEB7A6D753E}.Release|Any CPU.ActiveCfg = Release|Any CPU
		{AEDCB848-0047-42E6-B909-FEEB7A6D753E}.Release|Any CPU.Build.0 = Release|Any CPU
	EndGlobalSection
	GlobalSection(SolutionProperties) = preSolution
		HideSolutionNode = FALSE
	EndGlobalSection
EndGlobal
